// !$*UTF8*$!
{
	archiveVersion = 1;
	classes = {
	};
	objectVersion = 51;
	objects = {

/* Begin PBXBuildFile section */
		03CF16326F74600A9CDA1026 /* Pods_loginbase.framework in Frameworks */ = {isa = PBXBuildFile; fileRef = 3A98C8A067815AEB09AB08D3 /* Pods_loginbase.framework */; };
		A018C5E1265A9F5A006645ED /* login.swift in Sources */ = {isa = PBXBuildFile; fileRef = A018C5E0265A9F5A006645ED /* login.swift */; };
		A09F6B2F26593D200073606F /* AppDelegate.swift in Sources */ = {isa = PBXBuildFile; fileRef = A09F6B2E26593D200073606F /* AppDelegate.swift */; };
		A09F6B3126593D200073606F /* SceneDelegate.swift in Sources */ = {isa = PBXBuildFile; fileRef = A09F6B3026593D200073606F /* SceneDelegate.swift */; };
		A09F6B3326593D200073606F /* ViewController.swift in Sources */ = {isa = PBXBuildFile; fileRef = A09F6B3226593D200073606F /* ViewController.swift */; };
		A09F6B3626593D200073606F /* Main.storyboard in Resources */ = {isa = PBXBuildFile; fileRef = A09F6B3426593D200073606F /* Main.storyboard */; };
		A09F6B3926593D200073606F /* loginbase.xcdatamodeld in Sources */ = {isa = PBXBuildFile; fileRef = A09F6B3726593D200073606F /* loginbase.xcdatamodeld */; };
		A09F6B3B26593D210073606F /* Assets.xcassets in Resources */ = {isa = PBXBuildFile; fileRef = A09F6B3A26593D210073606F /* Assets.xcassets */; };
		A09F6B3E26593D210073606F /* LaunchScreen.storyboard in Resources */ = {isa = PBXBuildFile; fileRef = A09F6B3C26593D210073606F /* LaunchScreen.storyboard */; };
/* End PBXBuildFile section */

/* Begin PBXFileReference section */
		34A0EE1737C69D78C9C557F2 /* Pods-loginbase.debug.xcconfig */ = {isa = PBXFileReference; includeInIndex = 1; lastKnownFileType = text.xcconfig; name = "Pods-loginbase.debug.xcconfig"; path = "Target Support Files/Pods-loginbase/Pods-loginbase.debug.xcconfig"; sourceTree = "<group>"; };
		3A98C8A067815AEB09AB08D3 /* Pods_loginbase.framework */ = {isa = PBXFileReference; explicitFileType = wrapper.framework; includeInIndex = 0; path = Pods_loginbase.framework; sourceTree = BUILT_PRODUCTS_DIR; };
		A018C5E0265A9F5A006645ED /* login.swift */ = {isa = PBXFileReference; lastKnownFileType = sourcecode.swift; path = login.swift; sourceTree = "<group>"; };
		A09F6B2B26593D200073606F /* loginbase.app */ = {isa = PBXFileReference; explicitFileType = wrapper.application; includeInIndex = 0; path = loginbase.app; sourceTree = BUILT_PRODUCTS_DIR; };
		A09F6B2E26593D200073606F /* AppDelegate.swift */ = {isa = PBXFileReference; lastKnownFileType = sourcecode.swift; path = AppDelegate.swift; sourceTree = "<group>"; };
		A09F6B3026593D200073606F /* SceneDelegate.swift */ = {isa = PBXFileReference; lastKnownFileType = sourcecode.swift; path = SceneDelegate.swift; sourceTree = "<group>"; };
		A09F6B3226593D200073606F /* ViewController.swift */ = {isa = PBXFileReference; lastKnownFileType = sourcecode.swift; path = ViewController.swift; sourceTree = "<group>"; };
		A09F6B3526593D200073606F /* Base */ = {isa = PBXFileReference; lastKnownFileType = file.storyboard; name = Base; path = Base.lproj/Main.storyboard; sourceTree = "<group>"; };
		A09F6B3826593D200073606F /* loginbase.xcdatamodel */ = {isa = PBXFileReference; lastKnownFileType = wrapper.xcdatamodel; path = loginbase.xcdatamodel; sourceTree = "<group>"; };
		A09F6B3A26593D210073606F /* Assets.xcassets */ = {isa = PBXFileReference; lastKnownFileType = folder.assetcatalog; path = Assets.xcassets; sourceTree = "<group>"; };
		A09F6B3D26593D210073606F /* Base */ = {isa = PBXFileReference; lastKnownFileType = file.storyboard; name = Base; path = Base.lproj/LaunchScreen.storyboard; sourceTree = "<group>"; };
		A09F6B3F26593D210073606F /* Info.plist */ = {isa = PBXFileReference; lastKnownFileType = text.plist.xml; path = Info.plist; sourceTree = "<group>"; };
		F46E918DDC739E2E1265361B /* Pods-loginbase.release.xcconfig */ = {isa = PBXFileReference; includeInIndex = 1; lastKnownFileType = text.xcconfig; name = "Pods-loginbase.release.xcconfig"; path = "Target Support Files/Pods-loginbase/Pods-loginbase.release.xcconfig"; sourceTree = "<group>"; };
/* End PBXFileReference section */

/* Begin PBXFrameworksBuildPhase section */
		A09F6B2826593D200073606F /* Frameworks */ = {
			isa = PBXFrameworksBuildPhase;
			buildActionMask = 2147483647;
			files = (
				03CF16326F74600A9CDA1026 /* Pods_loginbase.framework in Frameworks */,
			);
			runOnlyForDeploymentPostprocessing = 0;
		};
/* End PBXFrameworksBuildPhase section */

/* Begin PBXGroup section */
		765AF342E2DD90A34810CA76 /* Frameworks */ = {
			isa = PBXGroup;
			children = (
				3A98C8A067815AEB09AB08D3 /* Pods_loginbase.framework */,
			);
			name = Frameworks;
			sourceTree = "<group>";
		};
		A09F6B2226593D200073606F = {
			isa = PBXGroup;
			children = (
				A09F6B2D26593D200073606F /* loginbase */,
				A09F6B2C26593D200073606F /* Products */,
				C5DAA4ADB69C95B31FD60A58 /* Pods */,
				765AF342E2DD90A34810CA76 /* Frameworks */,
			);
			sourceTree = "<group>";
		};
		A09F6B2C26593D200073606F /* Products */ = {
			isa = PBXGroup;
			children = (
				A09F6B2B26593D200073606F /* loginbase.app */,
			);
			name = Products;
			sourceTree = "<group>";
		};
		A09F6B2D26593D200073606F /* loginbase */ = {
			isa = PBXGroup;
			children = (
				A09F6B2E26593D200073606F /* AppDelegate.swift */,
				A09F6B3026593D200073606F /* SceneDelegate.swift */,
				A09F6B3226593D200073606F /* ViewController.swift */,
				A09F6B3426593D200073606F /* Main.storyboard */,
				A09F6B3A26593D210073606F /* Assets.xcassets */,
				A09F6B3C26593D210073606F /* LaunchScreen.storyboard */,
				A09F6B3F26593D210073606F /* Info.plist */,
				A09F6B3726593D200073606F /* loginbase.xcdatamodeld */,
				A018C5E0265A9F5A006645ED /* login.swift */,
			);
			path = loginbase;
			sourceTree = "<group>";
		};
		C5DAA4ADB69C95B31FD60A58 /* Pods */ = {
			isa = PBXGroup;
			children = (
				34A0EE1737C69D78C9C557F2 /* Pods-loginbase.debug.xcconfig */,
				F46E918DDC739E2E1265361B /* Pods-loginbase.release.xcconfig */,
			);
			path = Pods;
			sourceTree = "<group>";
		};
/* End PBXGroup section */

/* Begin PBXNativeTarget section */
		A09F6B2A26593D200073606F /* loginbase */ = {
			isa = PBXNativeTarget;
			buildConfigurationList = A09F6B4226593D210073606F /* Build configuration list for PBXNativeTarget "loginbase" */;
			buildPhases = (
				D94FB739741E828A703EE78B /* [CP] Check Pods Manifest.lock */,
				A09F6B2726593D200073606F /* Sources */,
				A09F6B2826593D200073606F /* Frameworks */,
				A09F6B2926593D200073606F /* Resources */,
				00DB3292A7B535E45517178D /* [CP] Embed Pods Frameworks */,
			);
			buildRules = (
			);
			dependencies = (
			);
			name = loginbase;
			productName = loginbase;
			productReference = A09F6B2B26593D200073606F /* loginbase.app */;
			productType = "com.apple.product-type.application";
		};
/* End PBXNativeTarget section */

/* Begin PBXProject section */
		A09F6B2326593D200073606F /* Project object */ = {
			isa = PBXProject;
			attributes = {
				LastSwiftUpdateCheck = 1240;
				LastUpgradeCheck = 1240;
				TargetAttributes = {
					A09F6B2A26593D200073606F = {
						CreatedOnToolsVersion = 12.4;
					};
				};
			};
			buildConfigurationList = A09F6B2626593D200073606F /* Build configuration list for PBXProject "loginbase" */;
			compatibilityVersion = "Xcode 9.3";
			developmentRegion = en;
			hasScannedForEncodings = 0;
			knownRegions = (
				en,
				Base,
			);
			mainGroup = A09F6B2226593D200073606F;
			productRefGroup = A09F6B2C26593D200073606F /* Products */;
			projectDirPath = "";
			projectRoot = "";
			targets = (
				A09F6B2A26593D200073606F /* loginbase */,
			);
		};
/* End PBXProject section */

/* Begin PBXResourcesBuildPhase section */
		A09F6B2926593D200073606F /* Resources */ = {
			isa = PBXResourcesBuildPhase;
			buildActionMask = 2147483647;
			files = (
				A09F6B3E26593D210073606F /* LaunchScreen.storyboard in Resources */,
				A09F6B3B26593D210073606F /* Assets.xcassets in Resources */,
				A09F6B3626593D200073606F /* Main.storyboard in Resources */,
			);
			runOnlyForDeploymentPostprocessing = 0;
		};
/* End PBXResourcesBuildPhase section */

/* Begin PBXShellScriptBuildPhase section */
		00DB3292A7B535E45517178D /* [CP] Embed Pods Frameworks */ = {
			isa = PBXShellScriptBuildPhase;
			buildActionMask = 2147483647;
			files = (
			);
			inputFileListPaths = (
				"${PODS_ROOT}/Target Support Files/Pods-loginbase/Pods-loginbase-frameworks-${CONFIGURATION}-input-files.xcfilelist",
			);
			name = "[CP] Embed Pods Frameworks";
			outputFileListPaths = (
				"${PODS_ROOT}/Target Support Files/Pods-loginbase/Pods-loginbase-frameworks-${CONFIGURATION}-output-files.xcfilelist",
			);
			runOnlyForDeploymentPostprocessing = 0;
			shellPath = /bin/sh;
			shellScript = "\"${PODS_ROOT}/Target Support Files/Pods-loginbase/Pods-loginbase-frameworks.sh\"\n";
			showEnvVarsInLog = 0;
		};
		D94FB739741E828A703EE78B /* [CP] Check Pods Manifest.lock */ = {
			isa = PBXShellScriptBuildPhase;
			buildActionMask = 2147483647;
			files = (
			);
			inputFileListPaths = (
			);
			inputPaths = (
				"${PODS_PODFILE_DIR_PATH}/Podfile.lock",
				"${PODS_ROOT}/Manifest.lock",
			);
			name = "[CP] Check Pods Manifest.lock";
			outputFileListPaths = (
			);
			outputPaths = (
				"$(DERIVED_FILE_DIR)/Pods-loginbase-checkManifestLockResult.txt",
			);
			runOnlyForDeploymentPostprocessing = 0;
			shellPath = /bin/sh;
			shellScript = "diff \"${PODS_PODFILE_DIR_PATH}/Podfile.lock\" \"${PODS_ROOT}/Manifest.lock\" > /dev/null\nif [ $? != 0 ] ; then\n    # print error to STDERR\n    echo \"error: The sandbox is not in sync with the Podfile.lock. Run 'pod install' or update your CocoaPods installation.\" >&2\n    exit 1\nfi\n# This output is used by Xcode 'outputs' to avoid re-running this script phase.\necho \"SUCCESS\" > \"${SCRIPT_OUTPUT_FILE_0}\"\n";
			showEnvVarsInLog = 0;
		};
/* End PBXShellScriptBuildPhase section */

/* Begin PBXSourcesBuildPhase section */
		A09F6B2726593D200073606F /* Sources */ = {
			isa = PBXSourcesBuildPhase;
			buildActionMask = 2147483647;
			files = (
				A09F6B3326593D200073606F /* ViewController.swift in Sources */,
				A018C5E1265A9F5A006645ED /* login.swift in Sources */,
				A09F6B2F26593D200073606F /* AppDelegate.swift in Sources */,
				A09F6B3926593D200073606F /* loginbase.xcdatamodeld in Sources */,
				A09F6B3126593D200073606F /* SceneDelegate.swift in Sources */,
			);
			runOnlyForDeploymentPostprocessing = 0;
		};
/* End PBXSourcesBuildPhase section */

/* Begin PBXVariantGroup section */
		A09F6B3426593D200073606F /* Main.storyboard */ = {
			isa = PBXVariantGroup;
			children = (
				A09F6B3526593D200073606F /* Base */,
			);
			name = Main.storyboard;
			sourceTree = "<group>";
		};
		A09F6B3C26593D210073606F /* LaunchScreen.storyboard */ = {
			isa = PBXVariantGroup;
			children = (
				A09F6B3D26593D210073606F /* Base */,
			);
			name = LaunchScreen.storyboard;
			sourceTree = "<group>";
		};
/* End PBXVariantGroup section */

/* Begin XCBuildConfiguration section */
		A09F6B4026593D210073606F /* Debug */ = {
			isa = XCBuildConfiguration;
			buildSettings = {
				ALWAYS_SEARCH_USER_PATHS = NO;
				CLANG_ANALYZER_NONNULL = YES;
				CLANG_ANALYZER_NUMBER_OBJECT_CONVERSION = YES_AGGRESSIVE;
				CLANG_CXX_LANGUAGE_STANDARD = "gnu++14";
				CLANG_CXX_LIBRARY = "libc++";
				CLANG_ENABLE_MODULES = YES;
				CLANG_ENABLE_OBJC_ARC = YES;
				CLANG_ENABLE_OBJC_WEAK = YES;
				CLANG_WARN_BLOCK_CAPTURE_AUTORELEASING = YES;
				CLANG_WARN_BOOL_CONVERSION = YES;
				CLANG_WARN_COMMA = YES;
				CLANG_WARN_CONSTANT_CONVERSION = YES;
				CLANG_WARN_DEPRECATED_OBJC_IMPLEMENTATIONS = YES;
				CLANG_WARN_DIRECT_OBJC_ISA_USAGE = YES_ERROR;
				CLANG_WARN_DOCUMENTATION_COMMENTS = YES;
				CLANG_WARN_EMPTY_BODY = YES;
				CLANG_WARN_ENUM_CONVERSION = YES;
				CLANG_WARN_INFINITE_RECURSION = YES;
				CLANG_WARN_INT_CONVERSION = YES;
				CLANG_WARN_NON_LITERAL_NULL_CONVERSION = YES;
				CLANG_WARN_OBJC_IMPLICIT_RETAIN_SELF = YES;
				CLANG_WARN_OBJC_LITERAL_CONVERSION = YES;
				CLANG_WARN_OBJC_ROOT_CLASS = YES_ERROR;
				CLANG_WARN_QUOTED_INCLUDE_IN_FRAMEWORK_HEADER = YES;
				CLANG_WARN_RANGE_LOOP_ANALYSIS = YES;
				CLANG_WARN_STRICT_PROTOTYPES = YES;
				CLANG_WARN_SUSPICIOUS_MOVE = YES;
				CLANG_WARN_UNGUARDED_AVAILABILITY = YES_AGGRESSIVE;
				CLANG_WARN_UNREACHABLE_CODE = YES;
				CLANG_WARN__DUPLICATE_METHOD_MATCH = YES;
				COPY_PHASE_STRIP = NO;
				DEBUG_INFORMATION_FORMAT = dwarf;
				ENABLE_STRICT_OBJC_MSGSEND = YES;
				ENABLE_TESTABILITY = YES;
				GCC_C_LANGUAGE_STANDARD = gnu11;
				GCC_DYNAMIC_NO_PIC = NO;
				GCC_NO_COMMON_BLOCKS = YES;
				GCC_OPTIMIZATION_LEVEL = 0;
				GCC_PREPROCESSOR_DEFINITIONS = (
					"DEBUG=1",
					"$(inherited)",
				);
				GCC_WARN_64_TO_32_BIT_CONVERSION = YES;
				GCC_WARN_ABOUT_RETURN_TYPE = YES_ERROR;
				GCC_WARN_UNDECLARED_SELECTOR = YES;
				GCC_WARN_UNINITIALIZED_AUTOS = YES_AGGRESSIVE;
				GCC_WARN_UNUSED_FUNCTION = YES;
				GCC_WARN_UNUSED_VARIABLE = YES;
				IPHONEOS_DEPLOYMENT_TARGET = 14.4;
				MTL_ENABLE_DEBUG_INFO = INCLUDE_SOURCE;
				MTL_FAST_MATH = YES;
				ONLY_ACTIVE_ARCH = YES;
				SDKROOT = iphoneos;
				SWIFT_ACTIVE_COMPILATION_CONDITIONS = DEBUG;
				SWIFT_OPTIMIZATION_LEVEL = "-Onone";
			};
			name = Debug;
		};
		A09F6B4126593D210073606F /* Release */ = {
			isa = XCBuildConfiguration;
			buildSettings = {
				ALWAYS_SEARCH_USER_PATHS = NO;
				CLANG_ANALYZER_NONNULL = YES;
				CLANG_ANALYZER_NUMBER_OBJECT_CONVERSION = YES_AGGRESSIVE;
				CLANG_CXX_LANGUAGE_STANDARD = "gnu++14";
				CLANG_CXX_LIBRARY = "libc++";
				CLANG_ENABLE_MODULES = YES;
				CLANG_ENABLE_OBJC_ARC = YES;
				CLANG_ENABLE_OBJC_WEAK = YES;
				CLANG_WARN_BLOCK_CAPTURE_AUTORELEASING = YES;
				CLANG_WARN_BOOL_CONVERSION = YES;
				CLANG_WARN_COMMA = YES;
				CLANG_WARN_CONSTANT_CONVERSION = YES;
				CLANG_WARN_DEPRECATED_OBJC_IMPLEMENTATIONS = YES;
				CLANG_WARN_DIRECT_OBJC_ISA_USAGE = YES_ERROR;
				CLANG_WARN_DOCUMENTATION_COMMENTS = YES;
				CLANG_WARN_EMPTY_BODY = YES;
				CLANG_WARN_ENUM_CONVERSION = YES;
				CLANG_WARN_INFINITE_RECURSION = YES;
				CLANG_WARN_INT_CONVERSION = YES;
				CLANG_WARN_NON_LITERAL_NULL_CONVERSION = YES;
				CLANG_WARN_OBJC_IMPLICIT_RETAIN_SELF = YES;
				CLANG_WARN_OBJC_LITERAL_CONVERSION = YES;
				CLANG_WARN_OBJC_ROOT_CLASS = YES_ERROR;
				CLANG_WARN_QUOTED_INCLUDE_IN_FRAMEWORK_HEADER = YES;
				CLANG_WARN_RANGE_LOOP_ANALYSIS = YES;
				CLANG_WARN_STRICT_PROTOTYPES = YES;
				CLANG_WARN_SUSPICIOUS_MOVE = YES;
				CLANG_WARN_UNGUARDED_AVAILABILITY = YES_AGGRESSIVE;
				CLANG_WARN_UNREACHABLE_CODE = YES;
				CLANG_WARN__DUPLICATE_METHOD_MATCH = YES;
				COPY_PHASE_STRIP = NO;
				DEBUG_INFORMATION_FORMAT = "dwarf-with-dsym";
				ENABLE_NS_ASSERTIONS = NO;
				ENABLE_STRICT_OBJC_MSGSEND = YES;
				GCC_C_LANGUAGE_STANDARD = gnu11;
				GCC_NO_COMMON_BLOCKS = YES;
				GCC_WARN_64_TO_32_BIT_CONVERSION = YES;
				GCC_WARN_ABOUT_RETURN_TYPE = YES_ERROR;
				GCC_WARN_UNDECLARED_SELECTOR = YES;
				GCC_WARN_UNINITIALIZED_AUTOS = YES_AGGRESSIVE;
				GCC_WARN_UNUSED_FUNCTION = YES;
				GCC_WARN_UNUSED_VARIABLE = YES;
				IPHONEOS_DEPLOYMENT_TARGET = 14.4;
				MTL_ENABLE_DEBUG_INFO = NO;
				MTL_FAST_MATH = YES;
				SDKROOT = iphoneos;
				SWIFT_COMPILATION_MODE = wholemodule;
				SWIFT_OPTIMIZATION_LEVEL = "-O";
				VALIDATE_PRODUCT = YES;
			};
			name = Release;
		};
		A09F6B4326593D210073606F /* Debug */ = {
			isa = XCBuildConfiguration;
			baseConfigurationReference = 34A0EE1737C69D78C9C557F2 /* Pods-loginbase.debug.xcconfig */;
			buildSettings = {
				ASSETCATALOG_COMPILER_APPICON_NAME = AppIcon;
				ASSETCATALOG_COMPILER_GLOBAL_ACCENT_COLOR_NAME = AccentColor;
				CODE_SIGN_STYLE = Automatic;
				DEVELOPMENT_TEAM = Q4XH66ZU94;
				INFOPLIST_FILE = loginbase/Info.plist;
				LD_RUNPATH_SEARCH_PATHS = (
					"$(inherited)",
					"@executable_path/Frameworks",
				);
				PRODUCT_BUNDLE_IDENTIFIER = base.loginbase;
				PRODUCT_NAME = "$(TARGET_NAME)";
				SWIFT_VERSION = 5.0;
				TARGETED_DEVICE_FAMILY = "1,2";
			};
			name = Debug;
		};
		A09F6B4426593D210073606F /* Release */ = {
			isa = XCBuildConfiguration;
			baseConfigurationReference = F46E918DDC739E2E1265361B /* Pods-loginbase.release.xcconfig */;
			buildSettings = {
				ASSETCATALOG_COMPILER_APPICON_NAME = AppIcon;
				ASSETCATALOG_COMPILER_GLOBAL_ACCENT_COLOR_NAME = AccentColor;
				CODE_SIGN_STYLE = Automatic;
				DEVELOPMENT_TEAM = Q4XH66ZU94;
				INFOPLIST_FILE = loginbase/Info.plist;
				LD_RUNPATH_SEARCH_PATHS = (
					"$(inherited)",
					"@executable_path/Frameworks",
				);
				PRODUCT_BUNDLE_IDENTIFIER = base.loginbase;
				PRODUCT_NAME = "$(TARGET_NAME)";
				SWIFT_VERSION = 5.0;
				TARGETED_DEVICE_FAMILY = "1,2";
			};
			name = Release;
		};
/* End XCBuildConfiguration section */

/* Begin XCConfigurationList section */
		A09F6B2626593D200073606F /* Build configuration list for PBXProject "loginbase" */ = {
			isa = XCConfigurationList;
			buildConfigurations = (
				A09F6B4026593D210073606F /* Debug */,
				A09F6B4126593D210073606F /* Release */,
			);
			defaultConfigurationIsVisible = 0;
			defaultConfigurationName = Release;
		};
		A09F6B4226593D210073606F /* Build configuration list for PBXNativeTarget "loginbase" */ = {
			isa = XCConfigurationList;
			buildConfigurations = (
				A09F6B4326593D210073606F /* Debug */,
				A09F6B4426593D210073606F /* Release */,
			);
			defaultConfigurationIsVisible = 0;
			defaultConfigurationName = Release;
		};
/* End XCConfigurationList section */

/* Begin XCVersionGroup section */
		A09F6B3726593D200073606F /* loginbase.xcdatamodeld */ = {
			isa = XCVersionGroup;
			children = (
				A09F6B3826593D200073606F /* loginbase.xcdatamodel */,
			);
			currentVersion = A09F6B3826593D200073606F /* loginbase.xcdatamodel */;
			path = loginbase.xcdatamodeld;
			sourceTree = "<group>";
			versionGroupType = wrapper.xcdatamodel;
		};
/* End XCVersionGroup section */
	};
	rootObject = A09F6B2326593D200073606F /* Project object */;
}
