// !$*UTF8*$!
{
	archiveVersion = 1;
	classes = {
	};
	objectVersion = 50;
	objects = {

/* Begin PBXBuildFile section */
		A018C5F1265AF504006645ED /* AppDelegate.swift in Sources */ = {isa = PBXBuildFile; fileRef = A018C5F0265AF504006645ED /* AppDelegate.swift */; };
		A018C5F3265AF504006645ED /* SceneDelegate.swift in Sources */ = {isa = PBXBuildFile; fileRef = A018C5F2265AF504006645ED /* SceneDelegate.swift */; };
		A018C5F5265AF504006645ED /* ViewController.swift in Sources */ = {isa = PBXBuildFile; fileRef = A018C5F4265AF504006645ED /* ViewController.swift */; };
		A018C5F8265AF504006645ED /* Main.storyboard in Resources */ = {isa = PBXBuildFile; fileRef = A018C5F6265AF504006645ED /* Main.storyboard */; };
		A018C5FB265AF504006645ED /* TravelBook.xcdatamodeld in Sources */ = {isa = PBXBuildFile; fileRef = A018C5F9265AF504006645ED /* TravelBook.xcdatamodeld */; };
		A018C5FD265AF505006645ED /* Assets.xcassets in Resources */ = {isa = PBXBuildFile; fileRef = A018C5FC265AF505006645ED /* Assets.xcassets */; };
		A018C600265AF505006645ED /* LaunchScreen.storyboard in Resources */ = {isa = PBXBuildFile; fileRef = A018C5FE265AF505006645ED /* LaunchScreen.storyboard */; };
		A075FE98265EE80700F0ADE1 /* ListViewViewController.swift in Sources */ = {isa = PBXBuildFile; fileRef = A075FE97265EE80700F0ADE1 /* ListViewViewController.swift */; };
/* End PBXBuildFile section */

/* Begin PBXFileReference section */
		A018C5ED265AF504006645ED /* TravelBook.app */ = {isa = PBXFileReference; explicitFileType = wrapper.application; includeInIndex = 0; path = TravelBook.app; sourceTree = BUILT_PRODUCTS_DIR; };
		A018C5F0265AF504006645ED /* AppDelegate.swift */ = {isa = PBXFileReference; lastKnownFileType = sourcecode.swift; path = AppDelegate.swift; sourceTree = "<group>"; };
		A018C5F2265AF504006645ED /* SceneDelegate.swift */ = {isa = PBXFileReference; lastKnownFileType = sourcecode.swift; path = SceneDelegate.swift; sourceTree = "<group>"; };
		A018C5F4265AF504006645ED /* ViewController.swift */ = {isa = PBXFileReference; lastKnownFileType = sourcecode.swift; path = ViewController.swift; sourceTree = "<group>"; };
		A018C5F7265AF504006645ED /* Base */ = {isa = PBXFileReference; lastKnownFileType = file.storyboard; name = Base; path = Base.lproj/Main.storyboard; sourceTree = "<group>"; };
		A018C5FA265AF504006645ED /* TravelBook.xcdatamodel */ = {isa = PBXFileReference; lastKnownFileType = wrapper.xcdatamodel; path = TravelBook.xcdatamodel; sourceTree = "<group>"; };
		A018C5FC265AF505006645ED /* Assets.xcassets */ = {isa = PBXFileReference; lastKnownFileType = folder.assetcatalog; path = Assets.xcassets; sourceTree = "<group>"; };
		A018C5FF265AF505006645ED /* Base */ = {isa = PBXFileReference; lastKnownFileType = file.storyboard; name = Base; path = Base.lproj/LaunchScreen.storyboard; sourceTree = "<group>"; };
		A018C601265AF505006645ED /* Info.plist */ = {isa = PBXFileReference; lastKnownFileType = text.plist.xml; path = Info.plist; sourceTree = "<group>"; };
		A075FE97265EE80700F0ADE1 /* ListViewViewController.swift */ = {isa = PBXFileReference; lastKnownFileType = sourcecode.swift; path = ListViewViewController.swift; sourceTree = "<group>"; };
/* End PBXFileReference section */

/* Begin PBXFrameworksBuildPhase section */
		A018C5EA265AF504006645ED /* Frameworks */ = {
			isa = PBXFrameworksBuildPhase;
			buildActionMask = 2147483647;
			files = (
			);
			runOnlyForDeploymentPostprocessing = 0;
		};
/* End PBXFrameworksBuildPhase section */

/* Begin PBXGroup section */
		A018C5E4265AF504006645ED = {
			isa = PBXGroup;
			children = (
				A018C5EF265AF504006645ED /* TravelBook */,
				A018C5EE265AF504006645ED /* Products */,
			);
			sourceTree = "<group>";
		};
		A018C5EE265AF504006645ED /* Products */ = {
			isa = PBXGroup;
			children = (
				A018C5ED265AF504006645ED /* TravelBook.app */,
			);
			name = Products;
			sourceTree = "<group>";
		};
		A018C5EF265AF504006645ED /* TravelBook */ = {
			isa = PBXGroup;
			children = (
				A018C5F0265AF504006645ED /* AppDelegate.swift */,
				A018C5F2265AF504006645ED /* SceneDelegate.swift */,
				A018C5F4265AF504006645ED /* ViewController.swift */,
				A018C5F6265AF504006645ED /* Main.storyboard */,
				A018C5FC265AF505006645ED /* Assets.xcassets */,
				A018C5FE265AF505006645ED /* LaunchScreen.storyboard */,
				A018C601265AF505006645ED /* Info.plist */,
				A018C5F9265AF504006645ED /* TravelBook.xcdatamodeld */,
				A075FE97265EE80700F0ADE1 /* ListViewViewController.swift */,
			);
			path = TravelBook;
			sourceTree = "<group>";
		};
/* End PBXGroup section */

/* Begin PBXNativeTarget section */
		A018C5EC265AF504006645ED /* TravelBook */ = {
			isa = PBXNativeTarget;
			buildConfigurationList = A018C604265AF505006645ED /* Build configuration list for PBXNativeTarget "TravelBook" */;
			buildPhases = (
				A018C5E9265AF504006645ED /* Sources */,
				A018C5EA265AF504006645ED /* Frameworks */,
				A018C5EB265AF504006645ED /* Resources */,
			);
			buildRules = (
			);
			dependencies = (
			);
			name = TravelBook;
			productName = TravelBook;
			productReference = A018C5ED265AF504006645ED /* TravelBook.app */;
			productType = "com.apple.product-type.application";
		};
/* End PBXNativeTarget section */

/* Begin PBXProject section */
		A018C5E5265AF504006645ED /* Project object */ = {
			isa = PBXProject;
			attributes = {
				LastSwiftUpdateCheck = 1240;
				LastUpgradeCheck = 1240;
				TargetAttributes = {
					A018C5EC265AF504006645ED = {
						CreatedOnToolsVersion = 12.4;
					};
				};
			};
			buildConfigurationList = A018C5E8265AF504006645ED /* Build configuration list for PBXProject "TravelBook" */;
			compatibilityVersion = "Xcode 9.3";
			developmentRegion = en;
			hasScannedForEncodings = 0;
			knownRegions = (
				en,
				Base,
			);
			mainGroup = A018C5E4265AF504006645ED;
			productRefGroup = A018C5EE265AF504006645ED /* Products */;
			projectDirPath = "";
			projectRoot = "";
			targets = (
				A018C5EC265AF504006645ED /* TravelBook */,
			);
		};
/* End PBXProject section */

/* Begin PBXResourcesBuildPhase section */
		A018C5EB265AF504006645ED /* Resources */ = {
			isa = PBXResourcesBuildPhase;
			buildActionMask = 2147483647;
			files = (
				A018C600265AF505006645ED /* LaunchScreen.storyboard in Resources */,
				A018C5FD265AF505006645ED /* Assets.xcassets in Resources */,
				A018C5F8265AF504006645ED /* Main.storyboard in Resources */,
			);
			runOnlyForDeploymentPostprocessing = 0;
		};
/* End PBXResourcesBuildPhase section */

/* Begin PBXSourcesBuildPhase section */
		A018C5E9265AF504006645ED /* Sources */ = {
			isa = PBXSourcesBuildPhase;
			buildActionMask = 2147483647;
			files = (
				A018C5FB265AF504006645ED /* TravelBook.xcdatamodeld in Sources */,
				A018C5F5265AF504006645ED /* ViewController.swift in Sources */,
				A018C5F1265AF504006645ED /* AppDelegate.swift in Sources */,
				A018C5F3265AF504006645ED /* SceneDelegate.swift in Sources */,
				A075FE98265EE80700F0ADE1 /* ListViewViewController.swift in Sources */,
			);
			runOnlyForDeploymentPostprocessing = 0;
		};
/* End PBXSourcesBuildPhase section */

/* Begin PBXVariantGroup section */
		A018C5F6265AF504006645ED /* Main.storyboard */ = {
			isa = PBXVariantGroup;
			children = (
				A018C5F7265AF504006645ED /* Base */,
			);
			name = Main.storyboard;
			sourceTree = "<group>";
		};
		A018C5FE265AF505006645ED /* LaunchScreen.storyboard */ = {
			isa = PBXVariantGroup;
			children = (
				A018C5FF265AF505006645ED /* Base */,
			);
			name = LaunchScreen.storyboard;
			sourceTree = "<group>";
		};
/* End PBXVariantGroup section */

/* Begin XCBuildConfiguration section */
		A018C602265AF505006645ED /* Debug */ = {
			isa = XCBuildConfiguration;
			buildSettings = {
				ALWAYS_SEARCH_USER_PATHS = NO;
				CLANG_ANALYZER_NONNULL = YES;
				CLANG_ANALYZER_NUMBER_OBJECT_CONVERSION = YES_AGGRESSIVE;
				CLANG_CXX_LANGUAGE_STANDARD = "gnu++14";
				CLANG_CXX_LIBRARY = "libc++";
				CLANG_ENABLE_MODULES = YES;
				CLANG_ENABLE_OBJC_ARC = YES;
				CLANG_ENABLE_OBJC_WEAK = YES;
				CLANG_WARN_BLOCK_CAPTURE_AUTORELEASING = YES;
				CLANG_WARN_BOOL_CONVERSION = YES;
				CLANG_WARN_COMMA = YES;
				CLANG_WARN_CONSTANT_CONVERSION = YES;
				CLANG_WARN_DEPRECATED_OBJC_IMPLEMENTATIONS = YES;
				CLANG_WARN_DIRECT_OBJC_ISA_USAGE = YES_ERROR;
				CLANG_WARN_DOCUMENTATION_COMMENTS = YES;
				CLANG_WARN_EMPTY_BODY = YES;
				CLANG_WARN_ENUM_CONVERSION = YES;
				CLANG_WARN_INFINITE_RECURSION = YES;
				CLANG_WARN_INT_CONVERSION = YES;
				CLANG_WARN_NON_LITERAL_NULL_CONVERSION = YES;
				CLANG_WARN_OBJC_IMPLICIT_RETAIN_SELF = YES;
				CLANG_WARN_OBJC_LITERAL_CONVERSION = YES;
				CLANG_WARN_OBJC_ROOT_CLASS = YES_ERROR;
				CLANG_WARN_QUOTED_INCLUDE_IN_FRAMEWORK_HEADER = YES;
				CLANG_WARN_RANGE_LOOP_ANALYSIS = YES;
				CLANG_WARN_STRICT_PROTOTYPES = YES;
				CLANG_WARN_SUSPICIOUS_MOVE = YES;
				CLANG_WARN_UNGUARDED_AVAILABILITY = YES_AGGRESSIVE;
				CLANG_WARN_UNREACHABLE_CODE = YES;
				CLANG_WARN__DUPLICATE_METHOD_MATCH = YES;
				COPY_PHASE_STRIP = NO;
				DEBUG_INFORMATION_FORMAT = dwarf;
				ENABLE_STRICT_OBJC_MSGSEND = YES;
				ENABLE_TESTABILITY = YES;
				GCC_C_LANGUAGE_STANDARD = gnu11;
				GCC_DYNAMIC_NO_PIC = NO;
				GCC_NO_COMMON_BLOCKS = YES;
				GCC_OPTIMIZATION_LEVEL = 0;
				GCC_PREPROCESSOR_DEFINITIONS = (
					"DEBUG=1",
					"$(inherited)",
				);
				GCC_WARN_64_TO_32_BIT_CONVERSION = YES;
				GCC_WARN_ABOUT_RETURN_TYPE = YES_ERROR;
				GCC_WARN_UNDECLARED_SELECTOR = YES;
				GCC_WARN_UNINITIALIZED_AUTOS = YES_AGGRESSIVE;
				GCC_WARN_UNUSED_FUNCTION = YES;
				GCC_WARN_UNUSED_VARIABLE = YES;
				IPHONEOS_DEPLOYMENT_TARGET = 14.4;
				MTL_ENABLE_DEBUG_INFO = INCLUDE_SOURCE;
				MTL_FAST_MATH = YES;
				ONLY_ACTIVE_ARCH = YES;
				SDKROOT = iphoneos;
				SWIFT_ACTIVE_COMPILATION_CONDITIONS = DEBUG;
				SWIFT_OPTIMIZATION_LEVEL = "-Onone";
			};
			name = Debug;
		};
		A018C603265AF505006645ED /* Release */ = {
			isa = XCBuildConfiguration;
			buildSettings = {
				ALWAYS_SEARCH_USER_PATHS = NO;
				CLANG_ANALYZER_NONNULL = YES;
				CLANG_ANALYZER_NUMBER_OBJECT_CONVERSION = YES_AGGRESSIVE;
				CLANG_CXX_LANGUAGE_STANDARD = "gnu++14";
				CLANG_CXX_LIBRARY = "libc++";
				CLANG_ENABLE_MODULES = YES;
				CLANG_ENABLE_OBJC_ARC = YES;
				CLANG_ENABLE_OBJC_WEAK = YES;
				CLANG_WARN_BLOCK_CAPTURE_AUTORELEASING = YES;
				CLANG_WARN_BOOL_CONVERSION = YES;
				CLANG_WARN_COMMA = YES;
				CLANG_WARN_CONSTANT_CONVERSION = YES;
				CLANG_WARN_DEPRECATED_OBJC_IMPLEMENTATIONS = YES;
				CLANG_WARN_DIRECT_OBJC_ISA_USAGE = YES_ERROR;
				CLANG_WARN_DOCUMENTATION_COMMENTS = YES;
				CLANG_WARN_EMPTY_BODY = YES;
				CLANG_WARN_ENUM_CONVERSION = YES;
				CLANG_WARN_INFINITE_RECURSION = YES;
				CLANG_WARN_INT_CONVERSION = YES;
				CLANG_WARN_NON_LITERAL_NULL_CONVERSION = YES;
				CLANG_WARN_OBJC_IMPLICIT_RETAIN_SELF = YES;
				CLANG_WARN_OBJC_LITERAL_CONVERSION = YES;
				CLANG_WARN_OBJC_ROOT_CLASS = YES_ERROR;
				CLANG_WARN_QUOTED_INCLUDE_IN_FRAMEWORK_HEADER = YES;
				CLANG_WARN_RANGE_LOOP_ANALYSIS = YES;
				CLANG_WARN_STRICT_PROTOTYPES = YES;
				CLANG_WARN_SUSPICIOUS_MOVE = YES;
				CLANG_WARN_UNGUARDED_AVAILABILITY = YES_AGGRESSIVE;
				CLANG_WARN_UNREACHABLE_CODE = YES;
				CLANG_WARN__DUPLICATE_METHOD_MATCH = YES;
				COPY_PHASE_STRIP = NO;
				DEBUG_INFORMATION_FORMAT = "dwarf-with-dsym";
				ENABLE_NS_ASSERTIONS = NO;
				ENABLE_STRICT_OBJC_MSGSEND = YES;
				GCC_C_LANGUAGE_STANDARD = gnu11;
				GCC_NO_COMMON_BLOCKS = YES;
				GCC_WARN_64_TO_32_BIT_CONVERSION = YES;
				GCC_WARN_ABOUT_RETURN_TYPE = YES_ERROR;
				GCC_WARN_UNDECLARED_SELECTOR = YES;
				GCC_WARN_UNINITIALIZED_AUTOS = YES_AGGRESSIVE;
				GCC_WARN_UNUSED_FUNCTION = YES;
				GCC_WARN_UNUSED_VARIABLE = YES;
				IPHONEOS_DEPLOYMENT_TARGET = 14.4;
				MTL_ENABLE_DEBUG_INFO = NO;
				MTL_FAST_MATH = YES;
				SDKROOT = iphoneos;
				SWIFT_COMPILATION_MODE = wholemodule;
				SWIFT_OPTIMIZATION_LEVEL = "-O";
				VALIDATE_PRODUCT = YES;
			};
			name = Release;
		};
		A018C605265AF505006645ED /* Debug */ = {
			isa = XCBuildConfiguration;
			buildSettings = {
				ASSETCATALOG_COMPILER_APPICON_NAME = AppIcon;
				ASSETCATALOG_COMPILER_GLOBAL_ACCENT_COLOR_NAME = AccentColor;
				CODE_SIGN_STYLE = Automatic;
				DEVELOPMENT_TEAM = Q4XH66ZU94;
				INFOPLIST_FILE = TravelBook/Info.plist;
				LD_RUNPATH_SEARCH_PATHS = (
					"$(inherited)",
					"@executable_path/Frameworks",
				);
				PRODUCT_BUNDLE_IDENTIFIER = ios.TravelBook;
				PRODUCT_NAME = "$(TARGET_NAME)";
				SWIFT_VERSION = 5.0;
				TARGETED_DEVICE_FAMILY = "1,2";
			};
			name = Debug;
		};
		A018C606265AF505006645ED /* Release */ = {
			isa = XCBuildConfiguration;
			buildSettings = {
				ASSETCATALOG_COMPILER_APPICON_NAME = AppIcon;
				ASSETCATALOG_COMPILER_GLOBAL_ACCENT_COLOR_NAME = AccentColor;
				CODE_SIGN_STYLE = Automatic;
				DEVELOPMENT_TEAM = Q4XH66ZU94;
				INFOPLIST_FILE = TravelBook/Info.plist;
				LD_RUNPATH_SEARCH_PATHS = (
					"$(inherited)",
					"@executable_path/Frameworks",
				);
				PRODUCT_BUNDLE_IDENTIFIER = ios.TravelBook;
				PRODUCT_NAME = "$(TARGET_NAME)";
				SWIFT_VERSION = 5.0;
				TARGETED_DEVICE_FAMILY = "1,2";
			};
			name = Release;
		};
/* End XCBuildConfiguration section */

/* Begin XCConfigurationList section */
		A018C5E8265AF504006645ED /* Build configuration list for PBXProject "TravelBook" */ = {
			isa = XCConfigurationList;
			buildConfigurations = (
				A018C602265AF505006645ED /* Debug */,
				A018C603265AF505006645ED /* Release */,
			);
			defaultConfigurationIsVisible = 0;
			defaultConfigurationName = Release;
		};
		A018C604265AF505006645ED /* Build configuration list for PBXNativeTarget "TravelBook" */ = {
			isa = XCConfigurationList;
			buildConfigurations = (
				A018C605265AF505006645ED /* Debug */,
				A018C606265AF505006645ED /* Release */,
			);
			defaultConfigurationIsVisible = 0;
			defaultConfigurationName = Release;
		};
/* End XCConfigurationList section */

/* Begin XCVersionGroup section */
		A018C5F9265AF504006645ED /* TravelBook.xcdatamodeld */ = {
			isa = XCVersionGroup;
			children = (
				A018C5FA265AF504006645ED /* TravelBook.xcdatamodel */,
			);
			currentVersion = A018C5FA265AF504006645ED /* TravelBook.xcdatamodel */;
			path = TravelBook.xcdatamodeld;
			sourceTree = "<group>";
			versionGroupType = wrapper.xcdatamodel;
		};
/* End XCVersionGroup section */
	};
	rootObject = A018C5E5265AF504006645ED /* Project object */;
}
